
Microsoft Visual Studio Solution File, Format Version 12.00
# Visual Studio Version 16
VisualStudioVersion = 16.0.31613.86
MinimumVisualStudioVersion = 10.0.40219.1
Project("{FAE04EC0-301F-11D3-BF4B-00C04F79EFBC}") = "WebApi4", "WebApi4\WebApi4.csproj", "{CC1403B7-3BE2-4922-A846-8D4E7000FF76}"
EndProject
Global
	GlobalSection(SolutionConfigurationPlatforms) = preSolution
		Debug|Any CPU = Debug|Any CPU
		Release|Any CPU = Release|Any CPU
	EndGlobalSection
	GlobalSection(ProjectConfigurationPlatforms) = postSolution
		{CC1403B7-3BE2-4922-A846-8D4E7000FF76}.Debug|Any CPU.ActiveCfg = Debug|Any CPU
		{CC1403B7-3BE2-4922-A846-8D4E7000FF76}.Debug|Any CPU.Build.0 = Debug|Any CPU
		{CC1403B7-3BE2-4922-A846-8D4E7000FF76}.Release|Any CPU.ActiveCfg = Release|Any CPU
		{CC1403B7-3BE2-4922-A846-8D4E7000FF76}.Release|Any CPU.Build.0 = Release|Any CPU
	EndGlobalSection
	GlobalSection(SolutionProperties) = preSolution
		HideSolutionNode = FALSE
	EndGlobalSection
	GlobalSection(ExtensibilityGlobals) = postSolution
		SolutionGuid = {65B43422-4D0C-44E3-B71B-C49C3ECE1BAC}
	EndGlobalSection
EndGlobal
